
Microsoft Visual Studio Solution File, Format Version 12.00
# Visual Studio Version 17
VisualStudioVersion = 17.14.36408.4 d17.14
MinimumVisualStudioVersion = 10.0.40219.1
Project("{FAE04EC0-301F-11D3-BF4B-00C04F79EFBC}") = "ABCComplaintManagementSystem", "ABCComplaintManagementSystem\ABCComplaintManagementSystem.csproj", "{B74C1940-D180-47FC-8939-30E3C615A2FF}"
EndProject
Global
	GlobalSection(SolutionConfigurationPlatforms) = preSolution
		Debug|Any CPU = Debug|Any CPU
		Release|Any CPU = Release|Any CPU
	EndGlobalSection
	GlobalSection(ProjectConfigurationPlatforms) = postSolution
		{B74C1940-D180-47FC-8939-30E3C615A2FF}.Debug|Any CPU.ActiveCfg = Debug|Any CPU
		{B74C1940-D180-47FC-8939-30E3C615A2FF}.Debug|Any CPU.Build.0 = Debug|Any CPU
		{B74C1940-D180-47FC-8939-30E3C615A2FF}.Release|Any CPU.ActiveCfg = Release|Any CPU
		{B74C1940-D180-47FC-8939-30E3C615A2FF}.Release|Any CPU.Build.0 = Release|Any CPU
	EndGlobalSection
	GlobalSection(SolutionProperties) = preSolution
		HideSolutionNode = FALSE
	EndGlobalSection
	GlobalSection(ExtensibilityGlobals) = postSolution
		SolutionGuid = {157C010A-D409-46E9-9E22-FE97419C1CE5}
	EndGlobalSection
EndGlobal
